
Microsoft Visual Studio Solution File, Format Version 12.00
# Visual Studio Version 16
VisualStudioVersion = 16.0.31019.35
MinimumVisualStudioVersion = 10.0.40219.1
Project("{9A19103F-16F7-4668-BE54-9A1E7A4F7556}") = "OnnxObjectDetectionApp", "OnnxObjectDetectionApp\OnnxObjectDetectionApp.csproj", "{67D5581D-339D-4C12-AC3A-7B69FA3DB876}"
EndProject
Project("{9A19103F-16F7-4668-BE54-9A1E7A4F7556}") = "OnnxObjectDetection", "OnnxObjectDetection\OnnxObjectDetection.csproj", "{63A49E42-E567-434D-AC0C-BA8AC185F994}"
EndProject
Global
	GlobalSection(SolutionConfigurationPlatforms) = preSolution
		Debug|Any CPU = Debug|Any CPU
		Release|Any CPU = Release|Any CPU
	EndGlobalSection
	GlobalSection(ProjectConfigurationPlatforms) = postSolution
		{67D5581D-339D-4C12-AC3A-7B69FA3DB876}.Debug|Any CPU.ActiveCfg = Debug|Any CPU
		{67D5581D-339D-4C12-AC3A-7B69FA3DB876}.Debug|Any CPU.Build.0 = Debug|Any CPU
		{67D5581D-339D-4C12-AC3A-7B69FA3DB876}.Release|Any CPU.ActiveCfg = Release|Any CPU
		{67D5581D-339D-4C12-AC3A-7B69FA3DB876}.Release|Any CPU.Build.0 = Release|Any CPU
		{63A49E42-E567-434D-AC0C-BA8AC185F994}.Debug|Any CPU.ActiveCfg = Debug|Any CPU
		{63A49E42-E567-434D-AC0C-BA8AC185F994}.Debug|Any CPU.Build.0 = Debug|Any CPU
		{63A49E42-E567-434D-AC0C-BA8AC185F994}.Release|Any CPU.ActiveCfg = Release|Any CPU
		{63A49E42-E567-434D-AC0C-BA8AC185F994}.Release|Any CPU.Build.0 = Release|Any CPU
	EndGlobalSection
	GlobalSection(SolutionProperties) = preSolution
		HideSolutionNode = FALSE
	EndGlobalSection
	GlobalSection(ExtensibilityGlobals) = postSolution
		SolutionGuid = {6BE19C12-AFE7-4F70-A694-6D68C817F698}
	EndGlobalSection
EndGlobal
